
Microsoft Visual Studio Solution File, Format Version 12.00
# Visual Studio Version 17
VisualStudioVersion = 17.3.32922.545
MinimumVisualStudioVersion = 10.0.40219.1
Project("{9A19103F-16F7-4668-BE54-9A1E7A4F7556}") = "Algo.Services.OrderServices", "Algo.Services.OrderServices\Algo.Services.OrderServices.csproj", "{74C2BA47-20D1-4349-9BA8-B9F3CC8C6025}"
EndProject
Project("{9A19103F-16F7-4668-BE54-9A1E7A4F7556}") = "Algo.Services.StockServices", "Algo.Services.StockServices\Algo.Services.StockServices.csproj", "{FDD03E3E-B037-4147-BEF8-CE3C6851E51C}"
EndProject
Project("{9A19103F-16F7-4668-BE54-9A1E7A4F7556}") = "AlgoShop.DataAccess", "AlgoShop.DataAccess\AlgoShop.DataAccess.csproj", "{E69C0EB0-8C4F-4954-8A51-CA2AFA3C47AB}"
EndProject
Project("{9A19103F-16F7-4668-BE54-9A1E7A4F7556}") = "AlgoShop.Microservices.Orders", "AlgoShop.Microservices.Orders\AlgoShop.Microservices.Orders.csproj", "{70C92246-E209-46AB-B050-FD5E89159E1F}"
EndProject
Project("{9A19103F-16F7-4668-BE54-9A1E7A4F7556}") = "AlgoShop.Microservices.Stocks", "AlgoShop.Microservices.Stocks\AlgoShop.Microservices.Stocks.csproj", "{FAF1EF36-5D47-4047-B3E5-0666A7749988}"
EndProject
Project("{9A19103F-16F7-4668-BE54-9A1E7A4F7556}") = "AlgoShop.Models", "AlgoShop.Models\AlgoShop.Models.csproj", "{91FD9FE0-3BA4-49AD-A134-05D7BAD96FCA}"
EndProject
Global
	GlobalSection(SolutionConfigurationPlatforms) = preSolution
		Debug|Any CPU = Debug|Any CPU
		Release|Any CPU = Release|Any CPU
	EndGlobalSection
	GlobalSection(ProjectConfigurationPlatforms) = postSolution
		{74C2BA47-20D1-4349-9BA8-B9F3CC8C6025}.Debug|Any CPU.ActiveCfg = Debug|Any CPU
		{74C2BA47-20D1-4349-9BA8-B9F3CC8C6025}.Debug|Any CPU.Build.0 = Debug|Any CPU
		{74C2BA47-20D1-4349-9BA8-B9F3CC8C6025}.Release|Any CPU.ActiveCfg = Release|Any CPU
		{74C2BA47-20D1-4349-9BA8-B9F3CC8C6025}.Release|Any CPU.Build.0 = Release|Any CPU
		{FDD03E3E-B037-4147-BEF8-CE3C6851E51C}.Debug|Any CPU.ActiveCfg = Debug|Any CPU
		{FDD03E3E-B037-4147-BEF8-CE3C6851E51C}.Debug|Any CPU.Build.0 = Debug|Any CPU
		{FDD03E3E-B037-4147-BEF8-CE3C6851E51C}.Release|Any CPU.ActiveCfg = Release|Any CPU
		{FDD03E3E-B037-4147-BEF8-CE3C6851E51C}.Release|Any CPU.Build.0 = Release|Any CPU
		{E69C0EB0-8C4F-4954-8A51-CA2AFA3C47AB}.Debug|Any CPU.ActiveCfg = Debug|Any CPU
		{E69C0EB0-8C4F-4954-8A51-CA2AFA3C47AB}.Debug|Any CPU.Build.0 = Debug|Any CPU
		{E69C0EB0-8C4F-4954-8A51-CA2AFA3C47AB}.Release|Any CPU.ActiveCfg = Release|Any CPU
		{E69C0EB0-8C4F-4954-8A51-CA2AFA3C47AB}.Release|Any CPU.Build.0 = Release|Any CPU
		{70C92246-E209-46AB-B050-FD5E89159E1F}.Debug|Any CPU.ActiveCfg = Debug|Any CPU
		{70C92246-E209-46AB-B050-FD5E89159E1F}.Debug|Any CPU.Build.0 = Debug|Any CPU
		{70C92246-E209-46AB-B050-FD5E89159E1F}.Release|Any CPU.ActiveCfg = Release|Any CPU
		{70C92246-E209-46AB-B050-FD5E89159E1F}.Release|Any CPU.Build.0 = Release|Any CPU
		{FAF1EF36-5D47-4047-B3E5-0666A7749988}.Debug|Any CPU.ActiveCfg = Debug|Any CPU
		{FAF1EF36-5D47-4047-B3E5-0666A7749988}.Debug|Any CPU.Build.0 = Debug|Any CPU
		{FAF1EF36-5D47-4047-B3E5-0666A7749988}.Release|Any CPU.ActiveCfg = Release|Any CPU
		{FAF1EF36-5D47-4047-B3E5-0666A7749988}.Release|Any CPU.Build.0 = Release|Any CPU
		{91FD9FE0-3BA4-49AD-A134-05D7BAD96FCA}.Debug|Any CPU.ActiveCfg = Debug|Any CPU
		{91FD9FE0-3BA4-49AD-A134-05D7BAD96FCA}.Debug|Any CPU.Build.0 = Debug|Any CPU
		{91FD9FE0-3BA4-49AD-A134-05D7BAD96FCA}.Release|Any CPU.ActiveCfg = Release|Any CPU
		{91FD9FE0-3BA4-49AD-A134-05D7BAD96FCA}.Release|Any CPU.Build.0 = Release|Any CPU
	EndGlobalSection
	GlobalSection(SolutionProperties) = preSolution
		HideSolutionNode = FALSE
	EndGlobalSection
	GlobalSection(ExtensibilityGlobals) = postSolution
		SolutionGuid = {C14C5DC3-71AD-404F-ABE0-7AFF37439BF0}
	EndGlobalSection
EndGlobal
